// !$*UTF8*$!
{
	archiveVersion = 1;
	classes = {
	};
	objectVersion = 46;
	objects = {

/* Begin PBXBuildFile section */
		B8658C5717FCBFCD0060CEB5 /* Foundation.framework in Frameworks */ = {isa = PBXBuildFile; fileRef = B8658C5617FCBFCD0060CEB5 /* Foundation.framework */; };
		B8658C5917FCBFCD0060CEB5 /* CoreGraphics.framework in Frameworks */ = {isa = PBXBuildFile; fileRef = B8658C5817FCBFCD0060CEB5 /* CoreGraphics.framework */; };
		B8658C5B17FCBFCD0060CEB5 /* UIKit.framework in Frameworks */ = {isa = PBXBuildFile; fileRef = B8658C5A17FCBFCD0060CEB5 /* UIKit.framework */; };
		B8658C6117FCBFCD0060CEB5 /* InfoPlist.strings in Resources */ = {isa = PBXBuildFile; fileRef = B8658C5F17FCBFCD0060CEB5 /* InfoPlist.strings */; };
		B8658C6317FCBFCD0060CEB5 /* main.m in Sources */ = {isa = PBXBuildFile; fileRef = B8658C6217FCBFCD0060CEB5 /* main.m */; };
		B8658C6717FCBFCD0060CEB5 /* AppDelegate.m in Sources */ = {isa = PBXBuildFile; fileRef = B8658C6617FCBFCD0060CEB5 /* AppDelegate.m */; };
		B8658C6A17FCBFCD0060CEB5 /* Main_iPhone.storyboard in Resources */ = {isa = PBXBuildFile; fileRef = B8658C6817FCBFCD0060CEB5 /* Main_iPhone.storyboard */; };
		B8658C6D17FCBFCD0060CEB5 /* Main_iPad.storyboard in Resources */ = {isa = PBXBuildFile; fileRef = B8658C6B17FCBFCD0060CEB5 /* Main_iPad.storyboard */; };
		B8658C7017FCBFCD0060CEB5 /* MasterViewController.m in Sources */ = {isa = PBXBuildFile; fileRef = B8658C6F17FCBFCD0060CEB5 /* MasterViewController.m */; };
		B8658C7317FCBFCD0060CEB5 /* DetailViewController.m in Sources */ = {isa = PBXBuildFile; fileRef = B8658C7217FCBFCD0060CEB5 /* DetailViewController.m */; };
		B8658C7517FCBFCD0060CEB5 /* Images.xcassets in Resources */ = {isa = PBXBuildFile; fileRef = B8658C7417FCBFCD0060CEB5 /* Images.xcassets */; };
		B8658C7C17FCBFCD0060CEB5 /* XCTest.framework in Frameworks */ = {isa = PBXBuildFile; fileRef = B8658C7B17FCBFCD0060CEB5 /* XCTest.framework */; };
		B8658C7D17FCBFCD0060CEB5 /* Foundation.framework in Frameworks */ = {isa = PBXBuildFile; fileRef = B8658C5617FCBFCD0060CEB5 /* Foundation.framework */; };
		B8658C7E17FCBFCD0060CEB5 /* UIKit.framework in Frameworks */ = {isa = PBXBuildFile; fileRef = B8658C5A17FCBFCD0060CEB5 /* UIKit.framework */; };
		B8658C8617FCBFCD0060CEB5 /* InfoPlist.strings in Resources */ = {isa = PBXBuildFile; fileRef = B8658C8417FCBFCD0060CEB5 /* InfoPlist.strings */; };
		B8658C8817FCBFCD0060CEB5 /* TestSubmodulesTests.m in Sources */ = {isa = PBXBuildFile; fileRef = B8658C8717FCBFCD0060CEB5 /* TestSubmodulesTests.m */; };
		B8658CA917FCC06C0060CEB5 /* NSAlert+MKNetworkKitAdditions.m in Sources */ = {isa = PBXBuildFile; fileRef = B8658C9417FCC06C0060CEB5 /* NSAlert+MKNetworkKitAdditions.m */; };
		B8658CAA17FCC06C0060CEB5 /* NSData+MKBase64.m in Sources */ = {isa = PBXBuildFile; fileRef = B8658C9617FCC06C0060CEB5 /* NSData+MKBase64.m */; };
		B8658CAB17FCC06C0060CEB5 /* NSDate+RFC1123.m in Sources */ = {isa = PBXBuildFile; fileRef = B8658C9817FCC06C0060CEB5 /* NSDate+RFC1123.m */; };
		B8658CAC17FCC06C0060CEB5 /* NSDictionary+RequestEncoding.m in Sources */ = {isa = PBXBuildFile; fileRef = B8658C9A17FCC06C0060CEB5 /* NSDictionary+RequestEncoding.m */; };
		B8658CAD17FCC06C0060CEB5 /* NSString+MKNetworkKitAdditions.m in Sources */ = {isa = PBXBuildFile; fileRef = B8658C9C17FCC06C0060CEB5 /* NSString+MKNetworkKitAdditions.m */; };
		B8658CAE17FCC06C0060CEB5 /* UIAlertView+MKNetworkKitAdditions.m in Sources */ = {isa = PBXBuildFile; fileRef = B8658C9E17FCC06C0060CEB5 /* UIAlertView+MKNetworkKitAdditions.m */; };
		B8658CAF17FCC06C0060CEB5 /* UIImageView+MKNetworkKitAdditions.m in Sources */ = {isa = PBXBuildFile; fileRef = B8658CA017FCC06C0060CEB5 /* UIImageView+MKNetworkKitAdditions.m */; };
		B8658CB017FCC06C0060CEB5 /* MKNetworkEngine.m in Sources */ = {isa = PBXBuildFile; fileRef = B8658CA217FCC06C0060CEB5 /* MKNetworkEngine.m */; };
		B8658CB117FCC06C0060CEB5 /* MKNetworkOperation.m in Sources */ = {isa = PBXBuildFile; fileRef = B8658CA517FCC06C0060CEB5 /* MKNetworkOperation.m */; };
		B8658CB217FCC06C0060CEB5 /* Reachability.m in Sources */ = {isa = PBXBuildFile; fileRef = B8658CA817FCC06C0060CEB5 /* Reachability.m */; };
/* End PBXBuildFile section */

/* Begin PBXContainerItemProxy section */
		B8658C7F17FCBFCD0060CEB5 /* PBXContainerItemProxy */ = {
			isa = PBXContainerItemProxy;
			containerPortal = B8658C4B17FCBFCD0060CEB5 /* Project object */;
			proxyType = 1;
			remoteGlobalIDString = B8658C5217FCBFCD0060CEB5;
			remoteInfo = TestSubmodules;
		};
/* End PBXContainerItemProxy section */

/* Begin PBXFileReference section */
		B8658C5317FCBFCD0060CEB5 /* TestSubmodules.app */ = {isa = PBXFileReference; explicitFileType = wrapper.application; includeInIndex = 0; path = TestSubmodules.app; sourceTree = BUILT_PRODUCTS_DIR; };
		B8658C5617FCBFCD0060CEB5 /* Foundation.framework */ = {isa = PBXFileReference; lastKnownFileType = wrapper.framework; name = Foundation.framework; path = System/Library/Frameworks/Foundation.framework; sourceTree = SDKROOT; };
		B8658C5817FCBFCD0060CEB5 /* CoreGraphics.framework */ = {isa = PBXFileReference; lastKnownFileType = wrapper.framework; name = CoreGraphics.framework; path = System/Library/Frameworks/CoreGraphics.framework; sourceTree = SDKROOT; };
		B8658C5A17FCBFCD0060CEB5 /* UIKit.framework */ = {isa = PBXFileReference; lastKnownFileType = wrapper.framework; name = UIKit.framework; path = System/Library/Frameworks/UIKit.framework; sourceTree = SDKROOT; };
		B8658C5E17FCBFCD0060CEB5 /* TestSubmodules-Info.plist */ = {isa = PBXFileReference; lastKnownFileType = text.plist.xml; path = "TestSubmodules-Info.plist"; sourceTree = "<group>"; };
		B8658C6017FCBFCD0060CEB5 /* en */ = {isa = PBXFileReference; lastKnownFileType = text.plist.strings; name = en; path = en.lproj/InfoPlist.strings; sourceTree = "<group>"; };
		B8658C6217FCBFCD0060CEB5 /* main.m */ = {isa = PBXFileReference; lastKnownFileType = sourcecode.c.objc; path = main.m; sourceTree = "<group>"; };
		B8658C6417FCBFCD0060CEB5 /* TestSubmodules-Prefix.pch */ = {isa = PBXFileReference; lastKnownFileType = sourcecode.c.h; path = "TestSubmodules-Prefix.pch"; sourceTree = "<group>"; };
		B8658C6517FCBFCD0060CEB5 /* AppDelegate.h */ = {isa = PBXFileReference; lastKnownFileType = sourcecode.c.h; path = AppDelegate.h; sourceTree = "<group>"; };
		B8658C6617FCBFCD0060CEB5 /* AppDelegate.m */ = {isa = PBXFileReference; lastKnownFileType = sourcecode.c.objc; path = AppDelegate.m; sourceTree = "<group>"; };
		B8658C6917FCBFCD0060CEB5 /* Base */ = {isa = PBXFileReference; lastKnownFileType = file.storyboard; name = Base; path = Base.lproj/Main_iPhone.storyboard; sourceTree = "<group>"; };
		B8658C6C17FCBFCD0060CEB5 /* Base */ = {isa = PBXFileReference; lastKnownFileType = file.storyboard; name = Base; path = Base.lproj/Main_iPad.storyboard; sourceTree = "<group>"; };
		B8658C6E17FCBFCD0060CEB5 /* MasterViewController.h */ = {isa = PBXFileReference; lastKnownFileType = sourcecode.c.h; path = MasterViewController.h; sourceTree = "<group>"; };
		B8658C6F17FCBFCD0060CEB5 /* MasterViewController.m */ = {isa = PBXFileReference; lastKnownFileType = sourcecode.c.objc; path = MasterViewController.m; sourceTree = "<group>"; };
		B8658C7117FCBFCD0060CEB5 /* DetailViewController.h */ = {isa = PBXFileReference; lastKnownFileType = sourcecode.c.h; path = DetailViewController.h; sourceTree = "<group>"; };
		B8658C7217FCBFCD0060CEB5 /* DetailViewController.m */ = {isa = PBXFileReference; lastKnownFileType = sourcecode.c.objc; path = DetailViewController.m; sourceTree = "<group>"; };
		B8658C7417FCBFCD0060CEB5 /* Images.xcassets */ = {isa = PBXFileReference; lastKnownFileType = folder.assetcatalog; path = Images.xcassets; sourceTree = "<group>"; };
		B8658C7A17FCBFCD0060CEB5 /* TestSubmodulesTests.xctest */ = {isa = PBXFileReference; explicitFileType = wrapper.cfbundle; includeInIndex = 0; path = TestSubmodulesTests.xctest; sourceTree = BUILT_PRODUCTS_DIR; };
		B8658C7B17FCBFCD0060CEB5 /* XCTest.framework */ = {isa = PBXFileReference; lastKnownFileType = wrapper.framework; name = XCTest.framework; path = Library/Frameworks/XCTest.framework; sourceTree = DEVELOPER_DIR; };
		B8658C8317FCBFCD0060CEB5 /* TestSubmodulesTests-Info.plist */ = {isa = PBXFileReference; lastKnownFileType = text.plist.xml; path = "TestSubmodulesTests-Info.plist"; sourceTree = "<group>"; };
		B8658C8517FCBFCD0060CEB5 /* en */ = {isa = PBXFileReference; lastKnownFileType = text.plist.strings; name = en; path = en.lproj/InfoPlist.strings; sourceTree = "<group>"; };
		B8658C8717FCBFCD0060CEB5 /* TestSubmodulesTests.m */ = {isa = PBXFileReference; lastKnownFileType = sourcecode.c.objc; path = TestSubmodulesTests.m; sourceTree = "<group>"; };
		B8658C9317FCC06C0060CEB5 /* NSAlert+MKNetworkKitAdditions.h */ = {isa = PBXFileReference; fileEncoding = 4; lastKnownFileType = sourcecode.c.h; path = "NSAlert+MKNetworkKitAdditions.h"; sourceTree = "<group>"; };
		B8658C9417FCC06C0060CEB5 /* NSAlert+MKNetworkKitAdditions.m */ = {isa = PBXFileReference; fileEncoding = 4; lastKnownFileType = sourcecode.c.objc; path = "NSAlert+MKNetworkKitAdditions.m"; sourceTree = "<group>"; };
		B8658C9517FCC06C0060CEB5 /* NSData+MKBase64.h */ = {isa = PBXFileReference; fileEncoding = 4; lastKnownFileType = sourcecode.c.h; path = "NSData+MKBase64.h"; sourceTree = "<group>"; };
		B8658C9617FCC06C0060CEB5 /* NSData+MKBase64.m */ = {isa = PBXFileReference; fileEncoding = 4; lastKnownFileType = sourcecode.c.objc; path = "NSData+MKBase64.m"; sourceTree = "<group>"; };
		B8658C9717FCC06C0060CEB5 /* NSDate+RFC1123.h */ = {isa = PBXFileReference; fileEncoding = 4; lastKnownFileType = sourcecode.c.h; path = "NSDate+RFC1123.h"; sourceTree = "<group>"; };
		B8658C9817FCC06C0060CEB5 /* NSDate+RFC1123.m */ = {isa = PBXFileReference; fileEncoding = 4; lastKnownFileType = sourcecode.c.objc; path = "NSDate+RFC1123.m"; sourceTree = "<group>"; };
		B8658C9917FCC06C0060CEB5 /* NSDictionary+RequestEncoding.h */ = {isa = PBXFileReference; fileEncoding = 4; lastKnownFileType = sourcecode.c.h; path = "NSDictionary+RequestEncoding.h"; sourceTree = "<group>"; };
		B8658C9A17FCC06C0060CEB5 /* NSDictionary+RequestEncoding.m */ = {isa = PBXFileReference; fileEncoding = 4; lastKnownFileType = sourcecode.c.objc; path = "NSDictionary+RequestEncoding.m"; sourceTree = "<group>"; };
		B8658C9B17FCC06C0060CEB5 /* NSString+MKNetworkKitAdditions.h */ = {isa = PBXFileReference; fileEncoding = 4; lastKnownFileType = sourcecode.c.h; path = "NSString+MKNetworkKitAdditions.h"; sourceTree = "<group>"; };
		B8658C9C17FCC06C0060CEB5 /* NSString+MKNetworkKitAdditions.m */ = {isa = PBXFileReference; fileEncoding = 4; lastKnownFileType = sourcecode.c.objc; path = "NSString+MKNetworkKitAdditions.m"; sourceTree = "<group>"; };
		B8658C9D17FCC06C0060CEB5 /* UIAlertView+MKNetworkKitAdditions.h */ = {isa = PBXFileReference; fileEncoding = 4; lastKnownFileType = sourcecode.c.h; path = "UIAlertView+MKNetworkKitAdditions.h"; sourceTree = "<group>"; };
		B8658C9E17FCC06C0060CEB5 /* UIAlertView+MKNetworkKitAdditions.m */ = {isa = PBXFileReference; fileEncoding = 4; lastKnownFileType = sourcecode.c.objc; path = "UIAlertView+MKNetworkKitAdditions.m"; sourceTree = "<group>"; };
		B8658C9F17FCC06C0060CEB5 /* UIImageView+MKNetworkKitAdditions.h */ = {isa = PBXFileReference; fileEncoding = 4; lastKnownFileType = sourcecode.c.h; path = "UIImageView+MKNetworkKitAdditions.h"; sourceTree = "<group>"; };
		B8658CA017FCC06C0060CEB5 /* UIImageView+MKNetworkKitAdditions.m */ = {isa = PBXFileReference; fileEncoding = 4; lastKnownFileType = sourcecode.c.objc; path = "UIImageView+MKNetworkKitAdditions.m"; sourceTree = "<group>"; };
		B8658CA117FCC06C0060CEB5 /* MKNetworkEngine.h */ = {isa = PBXFileReference; fileEncoding = 4; lastKnownFileType = sourcecode.c.h; name = MKNetworkEngine.h; path = ../mknetwork/MKNetworkKit/MKNetworkEngine.h; sourceTree = "<group>"; };
		B8658CA217FCC06C0060CEB5 /* MKNetworkEngine.m */ = {isa = PBXFileReference; fileEncoding = 4; lastKnownFileType = sourcecode.c.objc; name = MKNetworkEngine.m; path = ../mknetwork/MKNetworkKit/MKNetworkEngine.m; sourceTree = "<group>"; };
		B8658CA317FCC06C0060CEB5 /* MKNetworkKit.h */ = {isa = PBXFileReference; fileEncoding = 4; lastKnownFileType = sourcecode.c.h; name = MKNetworkKit.h; path = ../mknetwork/MKNetworkKit/MKNetworkKit.h; sourceTree = "<group>"; };
		B8658CA417FCC06C0060CEB5 /* MKNetworkOperation.h */ = {isa = PBXFileReference; fileEncoding = 4; lastKnownFileType = sourcecode.c.h; name = MKNetworkOperation.h; path = ../mknetwork/MKNetworkKit/MKNetworkOperation.h; sourceTree = "<group>"; };
		B8658CA517FCC06C0060CEB5 /* MKNetworkOperation.m */ = {isa = PBXFileReference; fileEncoding = 4; lastKnownFileType = sourcecode.c.objc; name = MKNetworkOperation.m; path = ../mknetwork/MKNetworkKit/MKNetworkOperation.m; sourceTree = "<group>"; };
		B8658CA717FCC06C0060CEB5 /* Reachability.h */ = {isa = PBXFileReference; fileEncoding = 4; lastKnownFileType = sourcecode.c.h; path = Reachability.h; sourceTree = "<group>"; };
		B8658CA817FCC06C0060CEB5 /* Reachability.m */ = {isa = PBXFileReference; fileEncoding = 4; lastKnownFileType = sourcecode.c.objc; path = Reachability.m; sourceTree = "<group>"; };
/* End PBXFileReference section */

/* Begin PBXFrameworksBuildPhase section */
		B8658C5017FCBFCD0060CEB5 /* Frameworks */ = {
			isa = PBXFrameworksBuildPhase;
			buildActionMask = 2147483647;
			files = (
				B8658C5917FCBFCD0060CEB5 /* CoreGraphics.framework in Frameworks */,
				B8658C5B17FCBFCD0060CEB5 /* UIKit.framework in Frameworks */,
				B8658C5717FCBFCD0060CEB5 /* Foundation.framework in Frameworks */,
			);
			runOnlyForDeploymentPostprocessing = 0;
		};
		B8658C7717FCBFCD0060CEB5 /* Frameworks */ = {
			isa = PBXFrameworksBuildPhase;
			buildActionMask = 2147483647;
			files = (
				B8658C7C17FCBFCD0060CEB5 /* XCTest.framework in Frameworks */,
				B8658C7E17FCBFCD0060CEB5 /* UIKit.framework in Frameworks */,
				B8658C7D17FCBFCD0060CEB5 /* Foundation.framework in Frameworks */,
			);
			runOnlyForDeploymentPostprocessing = 0;
		};
/* End PBXFrameworksBuildPhase section */

/* Begin PBXGroup section */
		B8658C4A17FCBFCD0060CEB5 = {
			isa = PBXGroup;
			children = (
				B8658C9117FCC0560060CEB5 /* mknetwork */,
				B8658C5C17FCBFCD0060CEB5 /* TestSubmodules */,
				B8658C8117FCBFCD0060CEB5 /* TestSubmodulesTests */,
				B8658C5517FCBFCD0060CEB5 /* Frameworks */,
				B8658C5417FCBFCD0060CEB5 /* Products */,
			);
			sourceTree = "<group>";
		};
		B8658C5417FCBFCD0060CEB5 /* Products */ = {
			isa = PBXGroup;
			children = (
				B8658C5317FCBFCD0060CEB5 /* TestSubmodules.app */,
				B8658C7A17FCBFCD0060CEB5 /* TestSubmodulesTests.xctest */,
			);
			name = Products;
			sourceTree = "<group>";
		};
		B8658C5517FCBFCD0060CEB5 /* Frameworks */ = {
			isa = PBXGroup;
			children = (
				B8658C5617FCBFCD0060CEB5 /* Foundation.framework */,
				B8658C5817FCBFCD0060CEB5 /* CoreGraphics.framework */,
				B8658C5A17FCBFCD0060CEB5 /* UIKit.framework */,
				B8658C7B17FCBFCD0060CEB5 /* XCTest.framework */,
			);
			name = Frameworks;
			sourceTree = "<group>";
		};
		B8658C5C17FCBFCD0060CEB5 /* TestSubmodules */ = {
			isa = PBXGroup;
			children = (
				B8658C6517FCBFCD0060CEB5 /* AppDelegate.h */,
				B8658C6617FCBFCD0060CEB5 /* AppDelegate.m */,
				B8658C6817FCBFCD0060CEB5 /* Main_iPhone.storyboard */,
				B8658C6B17FCBFCD0060CEB5 /* Main_iPad.storyboard */,
				B8658C6E17FCBFCD0060CEB5 /* MasterViewController.h */,
				B8658C6F17FCBFCD0060CEB5 /* MasterViewController.m */,
				B8658C7117FCBFCD0060CEB5 /* DetailViewController.h */,
				B8658C7217FCBFCD0060CEB5 /* DetailViewController.m */,
				B8658C7417FCBFCD0060CEB5 /* Images.xcassets */,
				B8658C5D17FCBFCD0060CEB5 /* Supporting Files */,
			);
			path = TestSubmodules;
			sourceTree = "<group>";
		};
		B8658C5D17FCBFCD0060CEB5 /* Supporting Files */ = {
			isa = PBXGroup;
			children = (
				B8658C5E17FCBFCD0060CEB5 /* TestSubmodules-Info.plist */,
				B8658C5F17FCBFCD0060CEB5 /* InfoPlist.strings */,
				B8658C6217FCBFCD0060CEB5 /* main.m */,
				B8658C6417FCBFCD0060CEB5 /* TestSubmodules-Prefix.pch */,
			);
			name = "Supporting Files";
			sourceTree = "<group>";
		};
		B8658C8117FCBFCD0060CEB5 /* TestSubmodulesTests */ = {
			isa = PBXGroup;
			children = (
				B8658C8717FCBFCD0060CEB5 /* TestSubmodulesTests.m */,
				B8658C8217FCBFCD0060CEB5 /* Supporting Files */,
			);
			path = TestSubmodulesTests;
			sourceTree = "<group>";
		};
		B8658C8217FCBFCD0060CEB5 /* Supporting Files */ = {
			isa = PBXGroup;
			children = (
				B8658C8317FCBFCD0060CEB5 /* TestSubmodulesTests-Info.plist */,
				B8658C8417FCBFCD0060CEB5 /* InfoPlist.strings */,
			);
			name = "Supporting Files";
			sourceTree = "<group>";
		};
		B8658C9117FCC0560060CEB5 /* mknetwork */ = {
			isa = PBXGroup;
			children = (
				B8658C9217FCC06C0060CEB5 /* Categories */,
				B8658CA117FCC06C0060CEB5 /* MKNetworkEngine.h */,
				B8658CA217FCC06C0060CEB5 /* MKNetworkEngine.m */,
				B8658CA317FCC06C0060CEB5 /* MKNetworkKit.h */,
				B8658CA417FCC06C0060CEB5 /* MKNetworkOperation.h */,
				B8658CA517FCC06C0060CEB5 /* MKNetworkOperation.m */,
				B8658CA617FCC06C0060CEB5 /* Reachability */,
			);
			name = mknetwork;
			sourceTree = "<group>";
		};
		B8658C9217FCC06C0060CEB5 /* Categories */ = {
			isa = PBXGroup;
			children = (
				B8658C9317FCC06C0060CEB5 /* NSAlert+MKNetworkKitAdditions.h */,
				B8658C9417FCC06C0060CEB5 /* NSAlert+MKNetworkKitAdditions.m */,
				B8658C9517FCC06C0060CEB5 /* NSData+MKBase64.h */,
				B8658C9617FCC06C0060CEB5 /* NSData+MKBase64.m */,
				B8658C9717FCC06C0060CEB5 /* NSDate+RFC1123.h */,
				B8658C9817FCC06C0060CEB5 /* NSDate+RFC1123.m */,
				B8658C9917FCC06C0060CEB5 /* NSDictionary+RequestEncoding.h */,
				B8658C9A17FCC06C0060CEB5 /* NSDictionary+RequestEncoding.m */,
				B8658C9B17FCC06C0060CEB5 /* NSString+MKNetworkKitAdditions.h */,
				B8658C9C17FCC06C0060CEB5 /* NSString+MKNetworkKitAdditions.m */,
				B8658C9D17FCC06C0060CEB5 /* UIAlertView+MKNetworkKitAdditions.h */,
				B8658C9E17FCC06C0060CEB5 /* UIAlertView+MKNetworkKitAdditions.m */,
				B8658C9F17FCC06C0060CEB5 /* UIImageView+MKNetworkKitAdditions.h */,
				B8658CA017FCC06C0060CEB5 /* UIImageView+MKNetworkKitAdditions.m */,
			);
			name = Categories;
			path = ../mknetwork/MKNetworkKit/Categories;
			sourceTree = "<group>";
		};
		B8658CA617FCC06C0060CEB5 /* Reachability */ = {
			isa = PBXGroup;
			children = (
				B8658CA717FCC06C0060CEB5 /* Reachability.h */,
				B8658CA817FCC06C0060CEB5 /* Reachability.m */,
			);
			name = Reachability;
			path = ../mknetwork/MKNetworkKit/Reachability;
			sourceTree = "<group>";
		};
/* End PBXGroup section */

/* Begin PBXNativeTarget section */
		B8658C5217FCBFCD0060CEB5 /* TestSubmodules */ = {
			isa = PBXNativeTarget;
			buildConfigurationList = B8658C8B17FCBFCD0060CEB5 /* Build configuration list for PBXNativeTarget "TestSubmodules" */;
			buildPhases = (
				B8658C4F17FCBFCD0060CEB5 /* Sources */,
				B8658C5017FCBFCD0060CEB5 /* Frameworks */,
				B8658C5117FCBFCD0060CEB5 /* Resources */,
			);
			buildRules = (
			);
			dependencies = (
			);
			name = TestSubmodules;
			productName = TestSubmodules;
			productReference = B8658C5317FCBFCD0060CEB5 /* TestSubmodules.app */;
			productType = "com.apple.product-type.application";
		};
		B8658C7917FCBFCD0060CEB5 /* TestSubmodulesTests */ = {
			isa = PBXNativeTarget;
			buildConfigurationList = B8658C8E17FCBFCD0060CEB5 /* Build configuration list for PBXNativeTarget "TestSubmodulesTests" */;
			buildPhases = (
				B8658C7617FCBFCD0060CEB5 /* Sources */,
				B8658C7717FCBFCD0060CEB5 /* Frameworks */,
				B8658C7817FCBFCD0060CEB5 /* Resources */,
			);
			buildRules = (
			);
			dependencies = (
				B8658C8017FCBFCD0060CEB5 /* PBXTargetDependency */,
			);
			name = TestSubmodulesTests;
			productName = TestSubmodulesTests;
			productReference = B8658C7A17FCBFCD0060CEB5 /* TestSubmodulesTests.xctest */;
			productType = "com.apple.product-type.bundle.unit-test";
		};
/* End PBXNativeTarget section */

/* Begin PBXProject section */
		B8658C4B17FCBFCD0060CEB5 /* Project object */ = {
			isa = PBXProject;
			attributes = {
				LastUpgradeCheck = 0500;
				ORGANIZATIONNAME = "Satyajit Malugu";
				TargetAttributes = {
					B8658C7917FCBFCD0060CEB5 = {
						TestTargetID = B8658C5217FCBFCD0060CEB5;
					};
				};
			};
			buildConfigurationList = B8658C4E17FCBFCD0060CEB5 /* Build configuration list for PBXProject "TestSubmodules" */;
			compatibilityVersion = "Xcode 3.2";
			developmentRegion = English;
			hasScannedForEncodings = 0;
			knownRegions = (
				en,
				Base,
			);
			mainGroup = B8658C4A17FCBFCD0060CEB5;
			productRefGroup = B8658C5417FCBFCD0060CEB5 /* Products */;
			projectDirPath = "";
			projectRoot = "";
			targets = (
				B8658C5217FCBFCD0060CEB5 /* TestSubmodules */,
				B8658C7917FCBFCD0060CEB5 /* TestSubmodulesTests */,
			);
		};
/* End PBXProject section */

/* Begin PBXResourcesBuildPhase section */
		B8658C5117FCBFCD0060CEB5 /* Resources */ = {
			isa = PBXResourcesBuildPhase;
			buildActionMask = 2147483647;
			files = (
				B8658C6D17FCBFCD0060CEB5 /* Main_iPad.storyboard in Resources */,
				B8658C7517FCBFCD0060CEB5 /* Images.xcassets in Resources */,
				B8658C6A17FCBFCD0060CEB5 /* Main_iPhone.storyboard in Resources */,
				B8658C6117FCBFCD0060CEB5 /* InfoPlist.strings in Resources */,
			);
			runOnlyForDeploymentPostprocessing = 0;
		};
		B8658C7817FCBFCD0060CEB5 /* Resources */ = {
			isa = PBXResourcesBuildPhase;
			buildActionMask = 2147483647;
			files = (
				B8658C8617FCBFCD0060CEB5 /* InfoPlist.strings in Resources */,
			);
			runOnlyForDeploymentPostprocessing = 0;
		};
/* End PBXResourcesBuildPhase section */

/* Begin PBXSourcesBuildPhase section */
		B8658C4F17FCBFCD0060CEB5 /* Sources */ = {
			isa = PBXSourcesBuildPhase;
			buildActionMask = 2147483647;
			files = (
				B8658CAD17FCC06C0060CEB5 /* NSString+MKNetworkKitAdditions.m in Sources */,
				B8658CA917FCC06C0060CEB5 /* NSAlert+MKNetworkKitAdditions.m in Sources */,
				B8658C6717FCBFCD0060CEB5 /* AppDelegate.m in Sources */,
				B8658CB117FCC06C0060CEB5 /* MKNetworkOperation.m in Sources */,
				B8658CAE17FCC06C0060CEB5 /* UIAlertView+MKNetworkKitAdditions.m in Sources */,
				B8658CB017FCC06C0060CEB5 /* MKNetworkEngine.m in Sources */,
				B8658CAB17FCC06C0060CEB5 /* NSDate+RFC1123.m in Sources */,
				B8658CAC17FCC06C0060CEB5 /* NSDictionary+RequestEncoding.m in Sources */,
				B8658CAF17FCC06C0060CEB5 /* UIImageView+MKNetworkKitAdditions.m in Sources */,
				B8658C7017FCBFCD0060CEB5 /* MasterViewController.m in Sources */,
				B8658CB217FCC06C0060CEB5 /* Reachability.m in Sources */,
				B8658C6317FCBFCD0060CEB5 /* main.m in Sources */,
				B8658C7317FCBFCD0060CEB5 /* DetailViewController.m in Sources */,
				B8658CAA17FCC06C0060CEB5 /* NSData+MKBase64.m in Sources */,
			);
			runOnlyForDeploymentPostprocessing = 0;
		};
		B8658C7617FCBFCD0060CEB5 /* Sources */ = {
			isa = PBXSourcesBuildPhase;
			buildActionMask = 2147483647;
			files = (
				B8658C8817FCBFCD0060CEB5 /* TestSubmodulesTests.m in Sources */,
			);
			runOnlyForDeploymentPostprocessing = 0;
		};
/* End PBXSourcesBuildPhase section */

/* Begin PBXTargetDependency section */
		B8658C8017FCBFCD0060CEB5 /* PBXTargetDependency */ = {
			isa = PBXTargetDependency;
			target = B8658C5217FCBFCD0060CEB5 /* TestSubmodules */;
			targetProxy = B8658C7F17FCBFCD0060CEB5 /* PBXContainerItemProxy */;
		};
/* End PBXTargetDependency section */

/* Begin PBXVariantGroup section */
		B8658C5F17FCBFCD0060CEB5 /* InfoPlist.strings */ = {
			isa = PBXVariantGroup;
			children = (
				B8658C6017FCBFCD0060CEB5 /* en */,
			);
			name = InfoPlist.strings;
			sourceTree = "<group>";
		};
		B8658C6817FCBFCD0060CEB5 /* Main_iPhone.storyboard */ = {
			isa = PBXVariantGroup;
			children = (
				B8658C6917FCBFCD0060CEB5 /* Base */,
			);
			name = Main_iPhone.storyboard;
			sourceTree = "<group>";
		};
		B8658C6B17FCBFCD0060CEB5 /* Main_iPad.storyboard */ = {
			isa = PBXVariantGroup;
			children = (
				B8658C6C17FCBFCD0060CEB5 /* Base */,
			);
			name = Main_iPad.storyboard;
			sourceTree = "<group>";
		};
		B8658C8417FCBFCD0060CEB5 /* InfoPlist.strings */ = {
			isa = PBXVariantGroup;
			children = (
				B8658C8517FCBFCD0060CEB5 /* en */,
			);
			name = InfoPlist.strings;
			sourceTree = "<group>";
		};
/* End PBXVariantGroup section */

/* Begin XCBuildConfiguration section */
		B8658C8917FCBFCD0060CEB5 /* Debug */ = {
			isa = XCBuildConfiguration;
			buildSettings = {
				ALWAYS_SEARCH_USER_PATHS = NO;
				CLANG_CXX_LANGUAGE_STANDARD = "gnu++0x";
				CLANG_CXX_LIBRARY = "libc++";
				CLANG_ENABLE_MODULES = YES;
				CLANG_ENABLE_OBJC_ARC = YES;
				CLANG_WARN_BOOL_CONVERSION = YES;
				CLANG_WARN_CONSTANT_CONVERSION = YES;
				CLANG_WARN_DIRECT_OBJC_ISA_USAGE = YES_ERROR;
				CLANG_WARN_EMPTY_BODY = YES;
				CLANG_WARN_ENUM_CONVERSION = YES;
				CLANG_WARN_INT_CONVERSION = YES;
				CLANG_WARN_OBJC_ROOT_CLASS = YES_ERROR;
				CLANG_WARN__DUPLICATE_METHOD_MATCH = YES;
				"CODE_SIGN_IDENTITY[sdk=iphoneos*]" = "iPhone Developer";
				COPY_PHASE_STRIP = NO;
				GCC_C_LANGUAGE_STANDARD = gnu99;
				GCC_DYNAMIC_NO_PIC = NO;
				GCC_OPTIMIZATION_LEVEL = 0;
				GCC_PREPROCESSOR_DEFINITIONS = (
					"DEBUG=1",
					"$(inherited)",
				);
				GCC_SYMBOLS_PRIVATE_EXTERN = NO;
				GCC_WARN_ABOUT_RETURN_TYPE = YES_ERROR;
				GCC_WARN_UNDECLARED_SELECTOR = YES;
				GCC_WARN_UNINITIALIZED_AUTOS = YES;
				GCC_WARN_UNUSED_FUNCTION = YES;
				GCC_WARN_UNUSED_VARIABLE = YES;
				IPHONEOS_DEPLOYMENT_TARGET = 7.0;
				ONLY_ACTIVE_ARCH = YES;
				SDKROOT = iphoneos;
				TARGETED_DEVICE_FAMILY = "1,2";
			};
			name = Debug;
		};
		B8658C8A17FCBFCD0060CEB5 /* Release */ = {
			isa = XCBuildConfiguration;
			buildSettings = {
				ALWAYS_SEARCH_USER_PATHS = NO;
				CLANG_CXX_LANGUAGE_STANDARD = "gnu++0x";
				CLANG_CXX_LIBRARY = "libc++";
				CLANG_ENABLE_MODULES = YES;
				CLANG_ENABLE_OBJC_ARC = YES;
				CLANG_WARN_BOOL_CONVERSION = YES;
				CLANG_WARN_CONSTANT_CONVERSION = YES;
				CLANG_WARN_DIRECT_OBJC_ISA_USAGE = YES_ERROR;
				CLANG_WARN_EMPTY_BODY = YES;
				CLANG_WARN_ENUM_CONVERSION = YES;
				CLANG_WARN_INT_CONVERSION = YES;
				CLANG_WARN_OBJC_ROOT_CLASS = YES_ERROR;
				CLANG_WARN__DUPLICATE_METHOD_MATCH = YES;
				"CODE_SIGN_IDENTITY[sdk=iphoneos*]" = "iPhone Developer";
				COPY_PHASE_STRIP = YES;
				ENABLE_NS_ASSERTIONS = NO;
				GCC_C_LANGUAGE_STANDARD = gnu99;
				GCC_WARN_ABOUT_RETURN_TYPE = YES_ERROR;
				GCC_WARN_UNDECLARED_SELECTOR = YES;
				GCC_WARN_UNINITIALIZED_AUTOS = YES;
				GCC_WARN_UNUSED_FUNCTION = YES;
				GCC_WARN_UNUSED_VARIABLE = YES;
				IPHONEOS_DEPLOYMENT_TARGET = 7.0;
				SDKROOT = iphoneos;
				TARGETED_DEVICE_FAMILY = "1,2";
				VALIDATE_PRODUCT = YES;
			};
			name = Release;
		};
		B8658C8C17FCBFCD0060CEB5 /* Debug */ = {
			isa = XCBuildConfiguration;
			buildSettings = {
				ASSETCATALOG_COMPILER_APPICON_NAME = AppIcon;
				ASSETCATALOG_COMPILER_LAUNCHIMAGE_NAME = LaunchImage;
				GCC_PRECOMPILE_PREFIX_HEADER = YES;
				GCC_PREFIX_HEADER = "TestSubmodules/TestSubmodules-Prefix.pch";
				INFOPLIST_FILE = "TestSubmodules/TestSubmodules-Info.plist";
				PRODUCT_NAME = "$(TARGET_NAME)";
				WRAPPER_EXTENSION = app;
			};
			name = Debug;
		};
		B8658C8D17FCBFCD0060CEB5 /* Release */ = {
			isa = XCBuildConfiguration;
			buildSettings = {
				ASSETCATALOG_COMPILER_APPICON_NAME = AppIcon;
				ASSETCATALOG_COMPILER_LAUNCHIMAGE_NAME = LaunchImage;
				GCC_PRECOMPILE_PREFIX_HEADER = YES;
				GCC_PREFIX_HEADER = "TestSubmodules/TestSubmodules-Prefix.pch";
				INFOPLIST_FILE = "TestSubmodules/TestSubmodules-Info.plist";
				PRODUCT_NAME = "$(TARGET_NAME)";
				WRAPPER_EXTENSION = app;
			};
			name = Release;
		};
		B8658C8F17FCBFCD0060CEB5 /* Debug */ = {
			isa = XCBuildConfiguration;
			buildSettings = {
				BUNDLE_LOADER = "$(BUILT_PRODUCTS_DIR)/TestSubmodules.app/TestSubmodules";
				FRAMEWORK_SEARCH_PATHS = (
					"$(SDKROOT)/Developer/Library/Frameworks",
					"$(inherited)",
					"$(DEVELOPER_FRAMEWORKS_DIR)",
				);
				GCC_PRECOMPILE_PREFIX_HEADER = YES;
				GCC_PREFIX_HEADER = "TestSubmodules/TestSubmodules-Prefix.pch";
				GCC_PREPROCESSOR_DEFINITIONS = (
					"DEBUG=1",
					"$(inherited)",
				);
				INFOPLIST_FILE = "TestSubmodulesTests/TestSubmodulesTests-Info.plist";
				PRODUCT_NAME = "$(TARGET_NAME)";
				TEST_HOST = "$(BUNDLE_LOADER)";
				WRAPPER_EXTENSION = xctest;
			};
			name = Debug;
		};
		B8658C9017FCBFCD0060CEB5 /* Release */ = {
			isa = XCBuildConfiguration;
			buildSettings = {
				BUNDLE_LOADER = "$(BUILT_PRODUCTS_DIR)/TestSubmodules.app/TestSubmodules";
				FRAMEWORK_SEARCH_PATHS = (
					"$(SDKROOT)/Developer/Library/Frameworks",
					"$(inherited)",
					"$(DEVELOPER_FRAMEWORKS_DIR)",
				);
				GCC_PRECOMPILE_PREFIX_HEADER = YES;
				GCC_PREFIX_HEADER = "TestSubmodules/TestSubmodules-Prefix.pch";
				INFOPLIST_FILE = "TestSubmodulesTests/TestSubmodulesTests-Info.plist";
				PRODUCT_NAME = "$(TARGET_NAME)";
				TEST_HOST = "$(BUNDLE_LOADER)";
				WRAPPER_EXTENSION = xctest;
			};
			name = Release;
		};
/* End XCBuildConfiguration section */

/* Begin XCConfigurationList section */
		B8658C4E17FCBFCD0060CEB5 /* Build configuration list for PBXProject "TestSubmodules" */ = {
			isa = XCConfigurationList;
			buildConfigurations = (
				B8658C8917FCBFCD0060CEB5 /* Debug */,
				B8658C8A17FCBFCD0060CEB5 /* Release */,
			);
			defaultConfigurationIsVisible = 0;
			defaultConfigurationName = Release;
		};
		B8658C8B17FCBFCD0060CEB5 /* Build configuration list for PBXNativeTarget "TestSubmodules" */ = {
			isa = XCConfigurationList;
			buildConfigurations = (
				B8658C8C17FCBFCD0060CEB5 /* Debug */,
				B8658C8D17FCBFCD0060CEB5 /* Release */,
			);
			defaultConfigurationIsVisible = 0;
		};
		B8658C8E17FCBFCD0060CEB5 /* Build configuration list for PBXNativeTarget "TestSubmodulesTests" */ = {
			isa = XCConfigurationList;
			buildConfigurations = (
				B8658C8F17FCBFCD0060CEB5 /* Debug */,
				B8658C9017FCBFCD0060CEB5 /* Release */,
			);
			defaultConfigurationIsVisible = 0;
		};
/* End XCConfigurationList section */
	};
	rootObject = B8658C4B17FCBFCD0060CEB5 /* Project object */;
}
